<?xml version="1.0" encoding="utf-8"?>
<Project ToolsVersion="4.0" xmlns="http://schemas.microsoft.com/developer/msbuild/2003">
  <ItemGroup>
    <ClCompile Include="stdafx.cpp">
      <Filter>Source</Filter>
    </ClCompile>
    <ClCompile Include="main.cpp">
      <Filter>Source</Filter>
    </ClCompile>
    <ClCompile Include="Interactor.cpp">
      <Filter>Source</Filter>
    </ClCompile>
    <ClCompile Include="SerialPort.cpp">
      <Filter>Source</Filter>
    </ClCompile>
    <ClCompile Include="Translator.cpp">
      <Filter>Source</Filter>
    </ClCompile>
  </ItemGroup>
  <ItemGroup>
    <ClInclude Include="targetver.h">
      <Filter>Header</Filter>
    </ClInclude>
    <ClInclude Include="stdafx.h">
      <Filter>Header</Filter>
    </ClInclude>
    <ClInclude Include="Interactor.h">
      <Filter>Header</Filter>
    </ClInclude>
    <ClInclude Include="Nullable.h">
      <Filter>Header</Filter>
    </ClInclude>
    <ClInclude Include="SerialPort.h">
      <Filter>Header</Filter>
    </ClInclude>
    <ClInclude Include="Translator.h">
      <Filter>Header</Filter>
    </ClInclude>
    <ClInclude Include="Utility.h" />
  </ItemGroup>
  <ItemGroup>
    <Text Include="ReadMe.txt" />
  </ItemGroup>
  <ItemGroup>
    <Filter Include="Header">
      <UniqueIdentifier>{c35edc8a-5bc3-405e-a800-f323fe0f5e0b}</UniqueIdentifier>
    </Filter>
    <Filter Include="Source">
      <UniqueIdentifier>{71b189cd-2181-4ee3-b88d-ac134a946fdd}</UniqueIdentifier>
    </Filter>
  </ItemGroup>
  <ItemGroup>
    <None Include="Nullable.inl">
      <Filter>Header</Filter>
    </None>
  </ItemGroup>
</Project>